
Microsoft Visual Studio Solution File, Format Version 12.00
# Visual Studio Version 17
VisualStudioVersion = 17.6.33723.286
MinimumVisualStudioVersion = 10.0.40219.1
Project("{FAE04EC0-301F-11D3-BF4B-00C04F79EFBC}") = "lab2", "lab2\lab2.csproj", "{08E4B336-67B6-4256-930F-198BB4E4B068}"
EndProject
Global
	GlobalSection(SolutionConfigurationPlatforms) = preSolution
		Debug|Any CPU = Debug|Any CPU
		Release|Any CPU = Release|Any CPU
	EndGlobalSection
	GlobalSection(ProjectConfigurationPlatforms) = postSolution
		{08E4B336-67B6-4256-930F-198BB4E4B068}.Debug|Any CPU.ActiveCfg = Debug|Any CPU
		{08E4B336-67B6-4256-930F-198BB4E4B068}.Debug|Any CPU.Build.0 = Debug|Any CPU
		{08E4B336-67B6-4256-930F-198BB4E4B068}.Release|Any CPU.ActiveCfg = Release|Any CPU
		{08E4B336-67B6-4256-930F-198BB4E4B068}.Release|Any CPU.Build.0 = Release|Any CPU
	EndGlobalSection
	GlobalSection(SolutionProperties) = preSolution
		HideSolutionNode = FALSE
	EndGlobalSection
	GlobalSection(ExtensibilityGlobals) = postSolution
		SolutionGuid = {D9B3523E-1F6C-474D-9BE1-D709087C9A34}
	EndGlobalSection
EndGlobal
